
Microsoft Visual Studio Solution File, Format Version 12.00
# Visual Studio Version 16
VisualStudioVersion = 16.0.29306.81
MinimumVisualStudioVersion = 10.0.40219.1
Project("{FAE04EC0-301F-11D3-BF4B-00C04F79EFBC}") = "chatbot", "chatbot.csproj", "{A6AE6D75-12EB-4BBE-B30A-DF6F40B45895}"
EndProject
Global
	GlobalSection(SolutionConfigurationPlatforms) = preSolution
		Debug|Any CPU = Debug|Any CPU
		Release|Any CPU = Release|Any CPU
	EndGlobalSection
	GlobalSection(ProjectConfigurationPlatforms) = postSolution
		{A6AE6D75-12EB-4BBE-B30A-DF6F40B45895}.Debug|Any CPU.ActiveCfg = Debug|Any CPU
		{A6AE6D75-12EB-4BBE-B30A-DF6F40B45895}.Debug|Any CPU.Build.0 = Debug|Any CPU
		{A6AE6D75-12EB-4BBE-B30A-DF6F40B45895}.Release|Any CPU.ActiveCfg = Release|Any CPU
		{A6AE6D75-12EB-4BBE-B30A-DF6F40B45895}.Release|Any CPU.Build.0 = Release|Any CPU
	EndGlobalSection
	GlobalSection(SolutionProperties) = preSolution
		HideSolutionNode = FALSE
	EndGlobalSection
	GlobalSection(ExtensibilityGlobals) = postSolution
		SolutionGuid = {E2805490-87D5-4405-8E85-0E5DE05E5574}
	EndGlobalSection
EndGlobal
